
Microsoft Visual Studio Solution File, Format Version 12.00
# Visual Studio Version 17
VisualStudioVersion = 17.11.35208.52
MinimumVisualStudioVersion = 10.0.40219.1
Project("{FAE04EC0-301F-11D3-BF4B-00C04F79EFBC}") = "ASPIdentityApp", "ASPIdentityApp\ASPIdentityApp.csproj", "{C7EB4B2B-A04D-42A7-8AD4-006A233E66FE}"
EndProject
Global
	GlobalSection(SolutionConfigurationPlatforms) = preSolution
		Debug|Any CPU = Debug|Any CPU
		Release|Any CPU = Release|Any CPU
	EndGlobalSection
	GlobalSection(ProjectConfigurationPlatforms) = postSolution
		{C7EB4B2B-A04D-42A7-8AD4-006A233E66FE}.Debug|Any CPU.ActiveCfg = Debug|Any CPU
		{C7EB4B2B-A04D-42A7-8AD4-006A233E66FE}.Debug|Any CPU.Build.0 = Debug|Any CPU
		{C7EB4B2B-A04D-42A7-8AD4-006A233E66FE}.Release|Any CPU.ActiveCfg = Release|Any CPU
		{C7EB4B2B-A04D-42A7-8AD4-006A233E66FE}.Release|Any CPU.Build.0 = Release|Any CPU
	EndGlobalSection
	GlobalSection(SolutionProperties) = preSolution
		HideSolutionNode = FALSE
	EndGlobalSection
	GlobalSection(ExtensibilityGlobals) = postSolution
		SolutionGuid = {AC7B8AE4-93F3-485A-A07B-8C2C6171B3E4}
	EndGlobalSection
EndGlobal
